
Microsoft Visual Studio Solution File, Format Version 11.00
# Visual C++ Express 2010
Project("{8BC9CEB8-8B4A-11D0-8D11-00A0C91BC942}") = "libenjoy_test", "libenjoy_test.vcxproj", "{31D1D370-DBEF-470E-A49B-C216564370A6}"
EndProject
Global
	GlobalSection(SolutionConfigurationPlatforms) = preSolution
		Debug|Win32 = Debug|Win32
		Release|Win32 = Release|Win32
	EndGlobalSection
	GlobalSection(ProjectConfigurationPlatforms) = postSolution
		{31D1D370-DBEF-470E-A49B-C216564370A6}.Debug|Win32.ActiveCfg = Debug|Win32
		{31D1D370-DBEF-470E-A49B-C216564370A6}.Debug|Win32.Build.0 = Debug|Win32
		{31D1D370-DBEF-470E-A49B-C216564370A6}.Release|Win32.ActiveCfg = Release|Win32
		{31D1D370-DBEF-470E-A49B-C216564370A6}.Release|Win32.Build.0 = Release|Win32
	EndGlobalSection
	GlobalSection(SolutionProperties) = preSolution
		HideSolutionNode = FALSE
	EndGlobalSection
EndGlobal
